
Microsoft Visual Studio Solution File, Format Version 12.00
# Visual Studio 15
VisualStudioVersion = 15.0.26730.8
MinimumVisualStudioVersion = 10.0.40219.1
Project("{FAE04EC0-301F-11D3-BF4B-00C04F79EFBC}") = "API_Scheduler", "API_Scheduler\API_Scheduler.csproj", "{6B10DBFA-3990-4655-8D0E-CD6C7C956411}"
EndProject
Global
	GlobalSection(SolutionConfigurationPlatforms) = preSolution
		Debug|Any CPU = Debug|Any CPU
		Release|Any CPU = Release|Any CPU
	EndGlobalSection
	GlobalSection(ProjectConfigurationPlatforms) = postSolution
		{6B10DBFA-3990-4655-8D0E-CD6C7C956411}.Debug|Any CPU.ActiveCfg = Debug|Any CPU
		{6B10DBFA-3990-4655-8D0E-CD6C7C956411}.Debug|Any CPU.Build.0 = Debug|Any CPU
		{6B10DBFA-3990-4655-8D0E-CD6C7C956411}.Release|Any CPU.ActiveCfg = Release|Any CPU
		{6B10DBFA-3990-4655-8D0E-CD6C7C956411}.Release|Any CPU.Build.0 = Release|Any CPU
	EndGlobalSection
	GlobalSection(SolutionProperties) = preSolution
		HideSolutionNode = FALSE
	EndGlobalSection
	GlobalSection(ExtensibilityGlobals) = postSolution
		SolutionGuid = {91759333-93C3-462F-8D0E-59E24B53A144}
	EndGlobalSection
EndGlobal
